// !$*UTF8*$!
{
	archiveVersion = 1;
	classes = {
	};
	objectVersion = 70;
	objects = {

/* Begin PBXBuildFile section */
		4A50A3E12D26E1F00037D9FD /* LibraryPackView.swift in Sources */ = {isa = PBXBuildFile; fileRef = 4A50A3E02D26E1F00037D9FD /* LibraryPackView.swift */; };
		4A50A3E32D26E8210037D9FD /* LibraryPackOverview.swift in Sources */ = {isa = PBXBuildFile; fileRef = 4A50A3E22D26E8210037D9FD /* LibraryPackOverview.swift */; };
		4A50A3E52D26F12C0037D9FD /* ChooseConnectionView.swift in Sources */ = {isa = PBXBuildFile; fileRef = 4A50A3E42D26F12C0037D9FD /* ChooseConnectionView.swift */; };
		4A50A3EB2D27127D0037D9FD /* SavedPackModel.swift in Sources */ = {isa = PBXBuildFile; fileRef = 4A50A3EA2D27127D0037D9FD /* SavedPackModel.swift */; };
		4A6879322D26D9EB00FDF521 /* QuestionPack.swift in Sources */ = {isa = PBXBuildFile; fileRef = 4A6879312D26D9EB00FDF521 /* QuestionPack.swift */; };
		4ADDCD112D26C00600E97CFD /* PocketBaseHandler.swift in Sources */ = {isa = PBXBuildFile; fileRef = 4ADDCD102D26C00600E97CFD /* PocketBaseHandler.swift */; };
		4ADDCD132D26C01D00E97CFD /* PocketBaseModels.swift in Sources */ = {isa = PBXBuildFile; fileRef = 4ADDCD122D26C01D00E97CFD /* PocketBaseModels.swift */; };
		7903292629A15C8400DBB5FF /* LaunchingView.swift in Sources */ = {isa = PBXBuildFile; fileRef = 7903292529A15C8400DBB5FF /* LaunchingView.swift */; };
		7908CF2F2C834FDF005ED50E /* LibraryView.swift in Sources */ = {isa = PBXBuildFile; fileRef = 7908CF2E2C834FDF005ED50E /* LibraryView.swift */; };
		7908CF312C834FF7005ED50E /* NetworkController.swift in Sources */ = {isa = PBXBuildFile; fileRef = 7908CF302C834FF7005ED50E /* NetworkController.swift */; };
		7908CF342C835210005ED50E /* ConnectedView.swift in Sources */ = {isa = PBXBuildFile; fileRef = 7908CF332C835210005ED50E /* ConnectedView.swift */; };
		7908CF362C83521A005ED50E /* NotConnectedView.swift in Sources */ = {isa = PBXBuildFile; fileRef = 7908CF352C83521A005ED50E /* NotConnectedView.swift */; };
		7924D89A295B273600A876C5 /* TabsView.swift in Sources */ = {isa = PBXBuildFile; fileRef = 7924D899295B273600A876C5 /* TabsView.swift */; };
		7924D89C295B30CE00A876C5 /* AddingPackModel.swift in Sources */ = {isa = PBXBuildFile; fileRef = 7924D89B295B30CE00A876C5 /* AddingPackModel.swift */; };
		792F31352942359F00367FB9 /* Utility.swift in Sources */ = {isa = PBXBuildFile; fileRef = 792F31342942359F00367FB9 /* Utility.swift */; };
		792F3137294245A100367FB9 /* GameView.swift in Sources */ = {isa = PBXBuildFile; fileRef = 792F3136294245A100367FB9 /* GameView.swift */; };
		792F3139294245B500367FB9 /* ResultsView.swift in Sources */ = {isa = PBXBuildFile; fileRef = 792F3138294245B500367FB9 /* ResultsView.swift */; };
		792F313B2942469900367FB9 /* NewPackView.swift in Sources */ = {isa = PBXBuildFile; fileRef = 792F313A2942469900367FB9 /* NewPackView.swift */; };
		794CD15D297D30A60002C143 /* SearchBarView.swift in Sources */ = {isa = PBXBuildFile; fileRef = 794CD15C297D30A60002C143 /* SearchBarView.swift */; };
		794CD15F297DC0560002C143 /* PlusButtonView.swift in Sources */ = {isa = PBXBuildFile; fileRef = 794CD15E297DC0560002C143 /* PlusButtonView.swift */; };
		795796C8293E556B002782FC /* FirstUsernameScreen.swift in Sources */ = {isa = PBXBuildFile; fileRef = 795796C7293E556B002782FC /* FirstUsernameScreen.swift */; };
		797322F4298EC6D400978FD7 /* NoFavView.swift in Sources */ = {isa = PBXBuildFile; fileRef = 797322F3298EC6D400978FD7 /* NoFavView.swift */; };
		797882F5294515AE006E3E74 /* ImageGridView.swift in Sources */ = {isa = PBXBuildFile; fileRef = 797882F4294515AE006E3E74 /* ImageGridView.swift */; };
		797882F729462131006E3E74 /* TurnOverPhoneView.swift in Sources */ = {isa = PBXBuildFile; fileRef = 797882F629462131006E3E74 /* TurnOverPhoneView.swift */; };
		797882F92946216E006E3E74 /* StartedGameView.swift in Sources */ = {isa = PBXBuildFile; fileRef = 797882F82946216E006E3E74 /* StartedGameView.swift */; };
		7999B8F22B49BE89003BA1D2 /* Localizable.strings in Resources */ = {isa = PBXBuildFile; fileRef = 7999B8F42B49BE89003BA1D2 /* Localizable.strings */; };
		79A36E8A293FB5CE000308D3 /* SettingsView.swift in Sources */ = {isa = PBXBuildFile; fileRef = 79A36E89293FB5CE000308D3 /* SettingsView.swift */; };
		79A36E8C293FB787000308D3 /* SettingsLabelView.swift in Sources */ = {isa = PBXBuildFile; fileRef = 79A36E8B293FB787000308D3 /* SettingsLabelView.swift */; };
		79A36E8E293FB8B4000308D3 /* SettingsRowView.swift in Sources */ = {isa = PBXBuildFile; fileRef = 79A36E8D293FB8B4000308D3 /* SettingsRowView.swift */; };
		79AB49FE29705CC500ED2F66 /* StartingAppStruct.swift in Sources */ = {isa = PBXBuildFile; fileRef = 79AB49FD29705CC500ED2F66 /* StartingAppStruct.swift */; };
		79DE3F35295A130600559151 /* Debouncer.swift in Sources */ = {isa = PBXBuildFile; fileRef = 79DE3F34295A130600559151 /* Debouncer.swift */; };
		79E03F89296188A700DF5976 /* Answer.swift in Sources */ = {isa = PBXBuildFile; fileRef = 79E03F88296188A700DF5976 /* Answer.swift */; };
		79E03F8B2961892900DF5976 /* Navigator.swift in Sources */ = {isa = PBXBuildFile; fileRef = 79E03F8A2961892900DF5976 /* Navigator.swift */; };
		79E37972293CD8CD0080C98F /* WhoAmIGameApp.swift in Sources */ = {isa = PBXBuildFile; fileRef = 79E37971293CD8CD0080C98F /* WhoAmIGameApp.swift */; };
		79E37976293CD8CF0080C98F /* Assets.xcassets in Resources */ = {isa = PBXBuildFile; fileRef = 79E37975293CD8CF0080C98F /* Assets.xcassets */; };
		79E37979293CD8CF0080C98F /* Preview Assets.xcassets in Resources */ = {isa = PBXBuildFile; fileRef = 79E37978293CD8CF0080C98F /* Preview Assets.xcassets */; };
		79E37981293CDA120080C98F /* Realm in Frameworks */ = {isa = PBXBuildFile; productRef = 79E37980293CDA120080C98F /* Realm */; };
		79E37983293CDA120080C98F /* RealmSwift in Frameworks */ = {isa = PBXBuildFile; productRef = 79E37982293CDA120080C98F /* RealmSwift */; };
		79E37987293CDA600080C98F /* ChoosingPackView.swift in Sources */ = {isa = PBXBuildFile; fileRef = 79E37986293CDA5F0080C98F /* ChoosingPackView.swift */; };
		79E3798B293CE7AE0080C98F /* RealmGuess.swift in Sources */ = {isa = PBXBuildFile; fileRef = 79E3798A293CE7AE0080C98F /* RealmGuess.swift */; };
		79E3798D293CE7D30080C98F /* Migrator.swift in Sources */ = {isa = PBXBuildFile; fileRef = 79E3798C293CE7D30080C98F /* Migrator.swift */; };
		79E3798F293CE7FF0080C98F /* GameModel.swift in Sources */ = {isa = PBXBuildFile; fileRef = 79E3798E293CE7FF0080C98F /* GameModel.swift */; };
		79E37993293CE8640080C98F /* RealmQuestionPack.swift in Sources */ = {isa = PBXBuildFile; fileRef = 79E37992293CE8640080C98F /* RealmQuestionPack.swift */; };
		79E37998293CEEB20080C98F /* EmptyPacksView.swift in Sources */ = {isa = PBXBuildFile; fileRef = 79E37997293CEEB20080C98F /* EmptyPacksView.swift */; };
		79E3799C293CEF230080C98F /* ListPackView.swift in Sources */ = {isa = PBXBuildFile; fileRef = 79E3799B293CEF230080C98F /* ListPackView.swift */; };
		79E379A0293CF7000080C98F /* ListItemView.swift in Sources */ = {isa = PBXBuildFile; fileRef = 79E3799F293CF7000080C98F /* ListItemView.swift */; };
		79E379A2293D1CCB0080C98F /* VisualBlurEffect.swift in Sources */ = {isa = PBXBuildFile; fileRef = 79E379A1293D1CCB0080C98F /* VisualBlurEffect.swift */; };
/* End PBXBuildFile section */

/* Begin PBXContainerItemProxy section */
		4ADDCD1C2D26C5F400E97CFD /* PBXContainerItemProxy */ = {
			isa = PBXContainerItemProxy;
			containerPortal = 79E37966293CD8CD0080C98F /* Project object */;
			proxyType = 1;
			remoteGlobalIDString = 79E3796D293CD8CD0080C98F;
			remoteInfo = WhoAmIGame;
		};
/* End PBXContainerItemProxy section */

/* Begin PBXFileReference section */
		4A50A3E02D26E1F00037D9FD /* LibraryPackView.swift */ = {isa = PBXFileReference; lastKnownFileType = sourcecode.swift; path = LibraryPackView.swift; sourceTree = "<group>"; };
		4A50A3E22D26E8210037D9FD /* LibraryPackOverview.swift */ = {isa = PBXFileReference; lastKnownFileType = sourcecode.swift; path = LibraryPackOverview.swift; sourceTree = "<group>"; };
		4A50A3E42D26F12C0037D9FD /* ChooseConnectionView.swift */ = {isa = PBXFileReference; lastKnownFileType = sourcecode.swift; path = ChooseConnectionView.swift; sourceTree = "<group>"; };
		4A50A3EA2D27127D0037D9FD /* SavedPackModel.swift */ = {isa = PBXFileReference; lastKnownFileType = sourcecode.swift; path = SavedPackModel.swift; sourceTree = "<group>"; };
		4A6879312D26D9EB00FDF521 /* QuestionPack.swift */ = {isa = PBXFileReference; lastKnownFileType = sourcecode.swift; path = QuestionPack.swift; sourceTree = "<group>"; };
		4ADDCD102D26C00600E97CFD /* PocketBaseHandler.swift */ = {isa = PBXFileReference; lastKnownFileType = sourcecode.swift; path = PocketBaseHandler.swift; sourceTree = "<group>"; };
		4ADDCD122D26C01D00E97CFD /* PocketBaseModels.swift */ = {isa = PBXFileReference; lastKnownFileType = sourcecode.swift; path = PocketBaseModels.swift; sourceTree = "<group>"; };
		4ADDCD182D26C5F400E97CFD /* WhoAmIGameTests.xctest */ = {isa = PBXFileReference; explicitFileType = wrapper.cfbundle; includeInIndex = 0; path = WhoAmIGameTests.xctest; sourceTree = BUILT_PRODUCTS_DIR; };
		7903292529A15C8400DBB5FF /* LaunchingView.swift */ = {isa = PBXFileReference; lastKnownFileType = sourcecode.swift; path = LaunchingView.swift; sourceTree = "<group>"; };
		7908CF2E2C834FDF005ED50E /* LibraryView.swift */ = {isa = PBXFileReference; lastKnownFileType = sourcecode.swift; path = LibraryView.swift; sourceTree = "<group>"; };
		7908CF302C834FF7005ED50E /* NetworkController.swift */ = {isa = PBXFileReference; lastKnownFileType = sourcecode.swift; path = NetworkController.swift; sourceTree = "<group>"; };
		7908CF332C835210005ED50E /* ConnectedView.swift */ = {isa = PBXFileReference; lastKnownFileType = sourcecode.swift; path = ConnectedView.swift; sourceTree = "<group>"; };
		7908CF352C83521A005ED50E /* NotConnectedView.swift */ = {isa = PBXFileReference; lastKnownFileType = sourcecode.swift; path = NotConnectedView.swift; sourceTree = "<group>"; };
		7924D899295B273600A876C5 /* TabsView.swift */ = {isa = PBXFileReference; lastKnownFileType = sourcecode.swift; path = TabsView.swift; sourceTree = "<group>"; };
		7924D89B295B30CE00A876C5 /* AddingPackModel.swift */ = {isa = PBXFileReference; lastKnownFileType = sourcecode.swift; path = AddingPackModel.swift; sourceTree = "<group>"; };
		792F31342942359F00367FB9 /* Utility.swift */ = {isa = PBXFileReference; lastKnownFileType = sourcecode.swift; path = Utility.swift; sourceTree = "<group>"; };
		792F3136294245A100367FB9 /* GameView.swift */ = {isa = PBXFileReference; lastKnownFileType = sourcecode.swift; path = GameView.swift; sourceTree = "<group>"; };
		792F3138294245B500367FB9 /* ResultsView.swift */ = {isa = PBXFileReference; lastKnownFileType = sourcecode.swift; path = ResultsView.swift; sourceTree = "<group>"; };
		792F313A2942469900367FB9 /* NewPackView.swift */ = {isa = PBXFileReference; lastKnownFileType = sourcecode.swift; path = NewPackView.swift; sourceTree = "<group>"; };
		794CD15C297D30A60002C143 /* SearchBarView.swift */ = {isa = PBXFileReference; lastKnownFileType = sourcecode.swift; path = SearchBarView.swift; sourceTree = "<group>"; };
		794CD15E297DC0560002C143 /* PlusButtonView.swift */ = {isa = PBXFileReference; lastKnownFileType = sourcecode.swift; path = PlusButtonView.swift; sourceTree = "<group>"; };
		795796C7293E556B002782FC /* FirstUsernameScreen.swift */ = {isa = PBXFileReference; lastKnownFileType = sourcecode.swift; path = FirstUsernameScreen.swift; sourceTree = "<group>"; };
		796704E729477F7A0032955B /* Info.plist */ = {isa = PBXFileReference; lastKnownFileType = text.plist; path = Info.plist; sourceTree = "<group>"; };
		797322F3298EC6D400978FD7 /* NoFavView.swift */ = {isa = PBXFileReference; lastKnownFileType = sourcecode.swift; path = NoFavView.swift; sourceTree = "<group>"; };
		797882F4294515AE006E3E74 /* ImageGridView.swift */ = {isa = PBXFileReference; lastKnownFileType = sourcecode.swift; path = ImageGridView.swift; sourceTree = "<group>"; };
		797882F629462131006E3E74 /* TurnOverPhoneView.swift */ = {isa = PBXFileReference; lastKnownFileType = sourcecode.swift; path = TurnOverPhoneView.swift; sourceTree = "<group>"; };
		797882F82946216E006E3E74 /* StartedGameView.swift */ = {isa = PBXFileReference; lastKnownFileType = sourcecode.swift; path = StartedGameView.swift; sourceTree = "<group>"; };
		7999B8F32B49BE89003BA1D2 /* en */ = {isa = PBXFileReference; lastKnownFileType = text.plist.strings; name = en; path = en.lproj/Localizable.strings; sourceTree = "<group>"; };
		7999B8F52B49BE8E003BA1D2 /* cs */ = {isa = PBXFileReference; lastKnownFileType = text.plist.strings; name = cs; path = cs.lproj/Localizable.strings; sourceTree = "<group>"; };
		79A36E89293FB5CE000308D3 /* SettingsView.swift */ = {isa = PBXFileReference; lastKnownFileType = sourcecode.swift; path = SettingsView.swift; sourceTree = "<group>"; };
		79A36E8B293FB787000308D3 /* SettingsLabelView.swift */ = {isa = PBXFileReference; lastKnownFileType = sourcecode.swift; path = SettingsLabelView.swift; sourceTree = "<group>"; };
		79A36E8D293FB8B4000308D3 /* SettingsRowView.swift */ = {isa = PBXFileReference; lastKnownFileType = sourcecode.swift; path = SettingsRowView.swift; sourceTree = "<group>"; };
		79AB49FD29705CC500ED2F66 /* StartingAppStruct.swift */ = {isa = PBXFileReference; lastKnownFileType = sourcecode.swift; path = StartingAppStruct.swift; sourceTree = "<group>"; };
		79CAD8CD2C81EF5900BA33D0 /* de */ = {isa = PBXFileReference; lastKnownFileType = text.plist.strings; name = de; path = de.lproj/Localizable.strings; sourceTree = "<group>"; };
		79CAD8CE2C81EFB400BA33D0 /* es */ = {isa = PBXFileReference; lastKnownFileType = text.plist.strings; name = es; path = es.lproj/Localizable.strings; sourceTree = "<group>"; };
		79CAD8CF2C81F08400BA33D0 /* zh-Hans */ = {isa = PBXFileReference; lastKnownFileType = text.plist.strings; name = "zh-Hans"; path = "zh-Hans.lproj/Localizable.strings"; sourceTree = "<group>"; };
		79CAD8D02C81F0BD00BA33D0 /* zh-Hant */ = {isa = PBXFileReference; lastKnownFileType = text.plist.strings; name = "zh-Hant"; path = "zh-Hant.lproj/Localizable.strings"; sourceTree = "<group>"; };
		79CAD8D12C81F0C700BA33D0 /* nl */ = {isa = PBXFileReference; lastKnownFileType = text.plist.strings; name = nl; path = nl.lproj/Localizable.strings; sourceTree = "<group>"; };
		79CAD8D22C81F2C000BA33D0 /* pt-BR */ = {isa = PBXFileReference; lastKnownFileType = text.plist.strings; name = "pt-BR"; path = "pt-BR.lproj/Localizable.strings"; sourceTree = "<group>"; };
		79CAD8D32C81F35C00BA33D0 /* pt-PT */ = {isa = PBXFileReference; lastKnownFileType = text.plist.strings; name = "pt-PT"; path = "pt-PT.lproj/Localizable.strings"; sourceTree = "<group>"; };
		79CAD8D42C81F3C000BA33D0 /* es-419 */ = {isa = PBXFileReference; lastKnownFileType = text.plist.strings; name = "es-419"; path = "es-419.lproj/Localizable.strings"; sourceTree = "<group>"; };
		79DE3F34295A130600559151 /* Debouncer.swift */ = {isa = PBXFileReference; lastKnownFileType = sourcecode.swift; path = Debouncer.swift; sourceTree = "<group>"; };
		79E03F88296188A700DF5976 /* Answer.swift */ = {isa = PBXFileReference; lastKnownFileType = sourcecode.swift; path = Answer.swift; sourceTree = "<group>"; };
		79E03F8A2961892900DF5976 /* Navigator.swift */ = {isa = PBXFileReference; lastKnownFileType = sourcecode.swift; path = Navigator.swift; sourceTree = "<group>"; };
		79E3796E293CD8CD0080C98F /* WhoAmIGame.app */ = {isa = PBXFileReference; explicitFileType = wrapper.application; includeInIndex = 0; path = WhoAmIGame.app; sourceTree = BUILT_PRODUCTS_DIR; };
		79E37971293CD8CD0080C98F /* WhoAmIGameApp.swift */ = {isa = PBXFileReference; lastKnownFileType = sourcecode.swift; path = WhoAmIGameApp.swift; sourceTree = "<group>"; };
		79E37975293CD8CF0080C98F /* Assets.xcassets */ = {isa = PBXFileReference; lastKnownFileType = folder.assetcatalog; path = Assets.xcassets; sourceTree = "<group>"; };
		79E37978293CD8CF0080C98F /* Preview Assets.xcassets */ = {isa = PBXFileReference; lastKnownFileType = folder.assetcatalog; path = "Preview Assets.xcassets"; sourceTree = "<group>"; };
		79E37986293CDA5F0080C98F /* ChoosingPackView.swift */ = {isa = PBXFileReference; lastKnownFileType = sourcecode.swift; path = ChoosingPackView.swift; sourceTree = "<group>"; };
		79E3798A293CE7AE0080C98F /* RealmGuess.swift */ = {isa = PBXFileReference; lastKnownFileType = sourcecode.swift; path = RealmGuess.swift; sourceTree = "<group>"; };
		79E3798C293CE7D30080C98F /* Migrator.swift */ = {isa = PBXFileReference; lastKnownFileType = sourcecode.swift; path = Migrator.swift; sourceTree = "<group>"; };
		79E3798E293CE7FF0080C98F /* GameModel.swift */ = {isa = PBXFileReference; lastKnownFileType = sourcecode.swift; path = GameModel.swift; sourceTree = "<group>"; };
		79E37992293CE8640080C98F /* RealmQuestionPack.swift */ = {isa = PBXFileReference; lastKnownFileType = sourcecode.swift; path = RealmQuestionPack.swift; sourceTree = "<group>"; };
		79E37997293CEEB20080C98F /* EmptyPacksView.swift */ = {isa = PBXFileReference; lastKnownFileType = sourcecode.swift; path = EmptyPacksView.swift; sourceTree = "<group>"; };
		79E3799B293CEF230080C98F /* ListPackView.swift */ = {isa = PBXFileReference; lastKnownFileType = sourcecode.swift; path = ListPackView.swift; sourceTree = "<group>"; };
		79E3799F293CF7000080C98F /* ListItemView.swift */ = {isa = PBXFileReference; lastKnownFileType = sourcecode.swift; path = ListItemView.swift; sourceTree = "<group>"; };
		79E379A1293D1CCB0080C98F /* VisualBlurEffect.swift */ = {isa = PBXFileReference; lastKnownFileType = sourcecode.swift; path = VisualBlurEffect.swift; sourceTree = "<group>"; };
/* End PBXFileReference section */

/* Begin PBXFileSystemSynchronizedRootGroup section */
		4ADDCD192D26C5F400E97CFD /* WhoAmIGameTests */ = {isa = PBXFileSystemSynchronizedRootGroup; explicitFileTypes = {}; explicitFolders = (); path = WhoAmIGameTests; sourceTree = "<group>"; };
/* End PBXFileSystemSynchronizedRootGroup section */

/* Begin PBXFrameworksBuildPhase section */
		4ADDCD152D26C5F400E97CFD /* Frameworks */ = {
			isa = PBXFrameworksBuildPhase;
			buildActionMask = 2147483647;
			files = (
			);
			runOnlyForDeploymentPostprocessing = 0;
		};
		79E3796B293CD8CD0080C98F /* Frameworks */ = {
			isa = PBXFrameworksBuildPhase;
			buildActionMask = 2147483647;
			files = (
				79E37983293CDA120080C98F /* RealmSwift in Frameworks */,
				79E37981293CDA120080C98F /* Realm in Frameworks */,
			);
			runOnlyForDeploymentPostprocessing = 0;
		};
/* End PBXFrameworksBuildPhase section */

/* Begin PBXGroup section */
		4A50A3E92D27126A0037D9FD /* SavedPacks */ = {
			isa = PBXGroup;
			children = (
				4A50A3EA2D27127D0037D9FD /* SavedPackModel.swift */,
			);
			path = SavedPacks;
			sourceTree = "<group>";
		};
		4ADDCD0D2D26BFAD00E97CFD /* Game */ = {
			isa = PBXGroup;
			children = (
				79E3798E293CE7FF0080C98F /* GameModel.swift */,
				79DE3F34295A130600559151 /* Debouncer.swift */,
			);
			path = Game;
			sourceTree = "<group>";
		};
		4ADDCD0E2D26BFBF00E97CFD /* Realm */ = {
			isa = PBXGroup;
			children = (
				79AB49FD29705CC500ED2F66 /* StartingAppStruct.swift */,
				79E3798A293CE7AE0080C98F /* RealmGuess.swift */,
				79E3798C293CE7D30080C98F /* Migrator.swift */,
				79E37992293CE8640080C98F /* RealmQuestionPack.swift */,
				7924D89B295B30CE00A876C5 /* AddingPackModel.swift */,
				4A6879312D26D9EB00FDF521 /* QuestionPack.swift */,
			);
			path = Realm;
			sourceTree = "<group>";
		};
		4ADDCD0F2D26BFD900E97CFD /* PocketBase */ = {
			isa = PBXGroup;
			children = (
				7908CF302C834FF7005ED50E /* NetworkController.swift */,
				4ADDCD102D26C00600E97CFD /* PocketBaseHandler.swift */,
				4ADDCD122D26C01D00E97CFD /* PocketBaseModels.swift */,
			);
			path = PocketBase;
			sourceTree = "<group>";
		};
		7908CF322C8351FC005ED50E /* LibraryView */ = {
			isa = PBXGroup;
			children = (
				4A50A3E22D26E8210037D9FD /* LibraryPackOverview.swift */,
				4A50A3E02D26E1F00037D9FD /* LibraryPackView.swift */,
				7908CF332C835210005ED50E /* ConnectedView.swift */,
				7908CF352C83521A005ED50E /* NotConnectedView.swift */,
				7908CF2E2C834FDF005ED50E /* LibraryView.swift */,
				4A50A3E42D26F12C0037D9FD /* ChooseConnectionView.swift */,
			);
			path = LibraryView;
			sourceTree = "<group>";
		};
		794CD15B297D19180002C143 /* Smaller models */ = {
			isa = PBXGroup;
			children = (
				79E03F8A2961892900DF5976 /* Navigator.swift */,
				79E03F88296188A700DF5976 /* Answer.swift */,
				792F31342942359F00367FB9 /* Utility.swift */,
				79E379A1293D1CCB0080C98F /* VisualBlurEffect.swift */,
			);
			path = "Smaller models";
			sourceTree = "<group>";
		};
		797882FB29462198006E3E74 /* ChoosingPackView */ = {
			isa = PBXGroup;
			children = (
				794CD15C297D30A60002C143 /* SearchBarView.swift */,
				79E37997293CEEB20080C98F /* EmptyPacksView.swift */,
				79E3799B293CEF230080C98F /* ListPackView.swift */,
				79E3799F293CF7000080C98F /* ListItemView.swift */,
				794CD15E297DC0560002C143 /* PlusButtonView.swift */,
				797322F3298EC6D400978FD7 /* NoFavView.swift */,
				797882F4294515AE006E3E74 /* ImageGridView.swift */,
				79E37986293CDA5F0080C98F /* ChoosingPackView.swift */,
				79C628EE295F2FC80082FE67 /* NewPack */,
			);
			path = ChoosingPackView;
			sourceTree = "<group>";
		};
		797882FC294621A6006E3E74 /* SettingsView */ = {
			isa = PBXGroup;
			children = (
				79A36E8B293FB787000308D3 /* SettingsLabelView.swift */,
				79A36E8D293FB8B4000308D3 /* SettingsRowView.swift */,
				79A36E89293FB5CE000308D3 /* SettingsView.swift */,
			);
			path = SettingsView;
			sourceTree = "<group>";
		};
		797882FD294621B5006E3E74 /* GameView */ = {
			isa = PBXGroup;
			children = (
				797882F629462131006E3E74 /* TurnOverPhoneView.swift */,
				797882F82946216E006E3E74 /* StartedGameView.swift */,
				792F3138294245B500367FB9 /* ResultsView.swift */,
				792F3136294245A100367FB9 /* GameView.swift */,
			);
			path = GameView;
			sourceTree = "<group>";
		};
		79C628EE295F2FC80082FE67 /* NewPack */ = {
			isa = PBXGroup;
			children = (
				792F313A2942469900367FB9 /* NewPackView.swift */,
			);
			path = NewPack;
			sourceTree = "<group>";
		};
		79E37965293CD8CD0080C98F = {
			isa = PBXGroup;
			children = (
				7999B8F42B49BE89003BA1D2 /* Localizable.strings */,
				79E37970293CD8CD0080C98F /* WhoAmIGame */,
				4ADDCD192D26C5F400E97CFD /* WhoAmIGameTests */,
				79E3796F293CD8CD0080C98F /* Products */,
			);
			sourceTree = "<group>";
		};
		79E3796F293CD8CD0080C98F /* Products */ = {
			isa = PBXGroup;
			children = (
				79E3796E293CD8CD0080C98F /* WhoAmIGame.app */,
				4ADDCD182D26C5F400E97CFD /* WhoAmIGameTests.xctest */,
			);
			name = Products;
			sourceTree = "<group>";
		};
		79E37970293CD8CD0080C98F /* WhoAmIGame */ = {
			isa = PBXGroup;
			children = (
				796704E729477F7A0032955B /* Info.plist */,
				79E37971293CD8CD0080C98F /* WhoAmIGameApp.swift */,
				79E37985293CDA490080C98F /* Models */,
				79E37984293CDA430080C98F /* Views */,
				79E37975293CD8CF0080C98F /* Assets.xcassets */,
				79E37977293CD8CF0080C98F /* Preview Content */,
			);
			path = WhoAmIGame;
			sourceTree = "<group>";
		};
		79E37977293CD8CF0080C98F /* Preview Content */ = {
			isa = PBXGroup;
			children = (
				79E37978293CD8CF0080C98F /* Preview Assets.xcassets */,
			);
			path = "Preview Content";
			sourceTree = "<group>";
		};
		79E37984293CDA430080C98F /* Views */ = {
			isa = PBXGroup;
			children = (
				795796C7293E556B002782FC /* FirstUsernameScreen.swift */,
				7908CF322C8351FC005ED50E /* LibraryView */,
				797882FB29462198006E3E74 /* ChoosingPackView */,
				797882FC294621A6006E3E74 /* SettingsView */,
				797882FD294621B5006E3E74 /* GameView */,
				7903292529A15C8400DBB5FF /* LaunchingView.swift */,
				7924D899295B273600A876C5 /* TabsView.swift */,
			);
			path = Views;
			sourceTree = "<group>";
		};
		79E37985293CDA490080C98F /* Models */ = {
			isa = PBXGroup;
			children = (
				4A50A3E92D27126A0037D9FD /* SavedPacks */,
				4ADDCD0F2D26BFD900E97CFD /* PocketBase */,
				4ADDCD0E2D26BFBF00E97CFD /* Realm */,
				4ADDCD0D2D26BFAD00E97CFD /* Game */,
				794CD15B297D19180002C143 /* Smaller models */,
			);
			path = Models;
			sourceTree = "<group>";
		};
/* End PBXGroup section */

/* Begin PBXNativeTarget section */
		4ADDCD172D26C5F400E97CFD /* WhoAmIGameTests */ = {
			isa = PBXNativeTarget;
			buildConfigurationList = 4ADDCD1E2D26C5F400E97CFD /* Build configuration list for PBXNativeTarget "WhoAmIGameTests" */;
			buildPhases = (
				4ADDCD142D26C5F400E97CFD /* Sources */,
				4ADDCD152D26C5F400E97CFD /* Frameworks */,
				4ADDCD162D26C5F400E97CFD /* Resources */,
			);
			buildRules = (
			);
			dependencies = (
				4ADDCD1D2D26C5F400E97CFD /* PBXTargetDependency */,
			);
			fileSystemSynchronizedGroups = (
				4ADDCD192D26C5F400E97CFD /* WhoAmIGameTests */,
			);
			name = WhoAmIGameTests;
			packageProductDependencies = (
			);
			productName = WhoAmIGameTests;
			productReference = 4ADDCD182D26C5F400E97CFD /* WhoAmIGameTests.xctest */;
			productType = "com.apple.product-type.bundle.unit-test";
		};
		79E3796D293CD8CD0080C98F /* WhoAmIGame */ = {
			isa = PBXNativeTarget;
			buildConfigurationList = 79E3797C293CD8CF0080C98F /* Build configuration list for PBXNativeTarget "WhoAmIGame" */;
			buildPhases = (
				79E3796A293CD8CD0080C98F /* Sources */,
				79E3796B293CD8CD0080C98F /* Frameworks */,
				79E3796C293CD8CD0080C98F /* Resources */,
			);
			buildRules = (
			);
			dependencies = (
			);
			name = WhoAmIGame;
			packageProductDependencies = (
				79E37980293CDA120080C98F /* Realm */,
				79E37982293CDA120080C98F /* RealmSwift */,
			);
			productName = WhoAmIGame;
			productReference = 79E3796E293CD8CD0080C98F /* WhoAmIGame.app */;
			productType = "com.apple.product-type.application";
		};
/* End PBXNativeTarget section */

/* Begin PBXProject section */
		79E37966293CD8CD0080C98F /* Project object */ = {
			isa = PBXProject;
			attributes = {
				BuildIndependentTargetsInParallel = 1;
				LastSwiftUpdateCheck = 1620;
				LastUpgradeCheck = 1510;
				TargetAttributes = {
					4ADDCD172D26C5F400E97CFD = {
						CreatedOnToolsVersion = 16.2;
						TestTargetID = 79E3796D293CD8CD0080C98F;
					};
					79E3796D293CD8CD0080C98F = {
						CreatedOnToolsVersion = 14.1;
					};
				};
			};
			buildConfigurationList = 79E37969293CD8CD0080C98F /* Build configuration list for PBXProject "WhoAmIGame" */;
			compatibilityVersion = "Xcode 14.0";
			developmentRegion = en;
			hasScannedForEncodings = 0;
			knownRegions = (
				en,
				Base,
				cs,
				de,
				es,
				"zh-Hans",
				"zh-Hant",
				nl,
				"pt-BR",
				"pt-PT",
				"es-419",
			);
			mainGroup = 79E37965293CD8CD0080C98F;
			packageReferences = (
				79E3797F293CDA120080C98F /* XCRemoteSwiftPackageReference "realm-swift" */,
			);
			productRefGroup = 79E3796F293CD8CD0080C98F /* Products */;
			projectDirPath = "";
			projectRoot = "";
			targets = (
				79E3796D293CD8CD0080C98F /* WhoAmIGame */,
				4ADDCD172D26C5F400E97CFD /* WhoAmIGameTests */,
			);
		};
/* End PBXProject section */

/* Begin PBXResourcesBuildPhase section */
		4ADDCD162D26C5F400E97CFD /* Resources */ = {
			isa = PBXResourcesBuildPhase;
			buildActionMask = 2147483647;
			files = (
			);
			runOnlyForDeploymentPostprocessing = 0;
		};
		79E3796C293CD8CD0080C98F /* Resources */ = {
			isa = PBXResourcesBuildPhase;
			buildActionMask = 2147483647;
			files = (
				79E37979293CD8CF0080C98F /* Preview Assets.xcassets in Resources */,
				7999B8F22B49BE89003BA1D2 /* Localizable.strings in Resources */,
				79E37976293CD8CF0080C98F /* Assets.xcassets in Resources */,
			);
			runOnlyForDeploymentPostprocessing = 0;
		};
/* End PBXResourcesBuildPhase section */

/* Begin PBXSourcesBuildPhase section */
		4ADDCD142D26C5F400E97CFD /* Sources */ = {
			isa = PBXSourcesBuildPhase;
			buildActionMask = 2147483647;
			files = (
			);
			runOnlyForDeploymentPostprocessing = 0;
		};
		79E3796A293CD8CD0080C98F /* Sources */ = {
			isa = PBXSourcesBuildPhase;
			buildActionMask = 2147483647;
			files = (
				797882F92946216E006E3E74 /* StartedGameView.swift in Sources */,
				794CD15F297DC0560002C143 /* PlusButtonView.swift in Sources */,
				7903292629A15C8400DBB5FF /* LaunchingView.swift in Sources */,
				79E37998293CEEB20080C98F /* EmptyPacksView.swift in Sources */,
				7908CF342C835210005ED50E /* ConnectedView.swift in Sources */,
				79E03F8B2961892900DF5976 /* Navigator.swift in Sources */,
				4A6879322D26D9EB00FDF521 /* QuestionPack.swift in Sources */,
				79E3799C293CEF230080C98F /* ListPackView.swift in Sources */,
				79E37972293CD8CD0080C98F /* WhoAmIGameApp.swift in Sources */,
				4A50A3E32D26E8210037D9FD /* LibraryPackOverview.swift in Sources */,
				79E379A0293CF7000080C98F /* ListItemView.swift in Sources */,
				792F313B2942469900367FB9 /* NewPackView.swift in Sources */,
				792F3137294245A100367FB9 /* GameView.swift in Sources */,
				79AB49FE29705CC500ED2F66 /* StartingAppStruct.swift in Sources */,
				7908CF312C834FF7005ED50E /* NetworkController.swift in Sources */,
				79E03F89296188A700DF5976 /* Answer.swift in Sources */,
				79A36E8E293FB8B4000308D3 /* SettingsRowView.swift in Sources */,
				795796C8293E556B002782FC /* FirstUsernameScreen.swift in Sources */,
				4ADDCD132D26C01D00E97CFD /* PocketBaseModels.swift in Sources */,
				792F3139294245B500367FB9 /* ResultsView.swift in Sources */,
				7924D89A295B273600A876C5 /* TabsView.swift in Sources */,
				7924D89C295B30CE00A876C5 /* AddingPackModel.swift in Sources */,
				79E37987293CDA600080C98F /* ChoosingPackView.swift in Sources */,
				79A36E8A293FB5CE000308D3 /* SettingsView.swift in Sources */,
				797882F729462131006E3E74 /* TurnOverPhoneView.swift in Sources */,
				4A50A3E52D26F12C0037D9FD /* ChooseConnectionView.swift in Sources */,
				79E3798D293CE7D30080C98F /* Migrator.swift in Sources */,
				797322F4298EC6D400978FD7 /* NoFavView.swift in Sources */,
				4A50A3EB2D27127D0037D9FD /* SavedPackModel.swift in Sources */,
				79E379A2293D1CCB0080C98F /* VisualBlurEffect.swift in Sources */,
				79E37993293CE8640080C98F /* RealmQuestionPack.swift in Sources */,
				79DE3F35295A130600559151 /* Debouncer.swift in Sources */,
				79E3798B293CE7AE0080C98F /* RealmGuess.swift in Sources */,
				79A36E8C293FB787000308D3 /* SettingsLabelView.swift in Sources */,
				4ADDCD112D26C00600E97CFD /* PocketBaseHandler.swift in Sources */,
				794CD15D297D30A60002C143 /* SearchBarView.swift in Sources */,
				7908CF2F2C834FDF005ED50E /* LibraryView.swift in Sources */,
				4A50A3E12D26E1F00037D9FD /* LibraryPackView.swift in Sources */,
				797882F5294515AE006E3E74 /* ImageGridView.swift in Sources */,
				7908CF362C83521A005ED50E /* NotConnectedView.swift in Sources */,
				79E3798F293CE7FF0080C98F /* GameModel.swift in Sources */,
				792F31352942359F00367FB9 /* Utility.swift in Sources */,
			);
			runOnlyForDeploymentPostprocessing = 0;
		};
/* End PBXSourcesBuildPhase section */

/* Begin PBXTargetDependency section */
		4ADDCD1D2D26C5F400E97CFD /* PBXTargetDependency */ = {
			isa = PBXTargetDependency;
			target = 79E3796D293CD8CD0080C98F /* WhoAmIGame */;
			targetProxy = 4ADDCD1C2D26C5F400E97CFD /* PBXContainerItemProxy */;
		};
/* End PBXTargetDependency section */

/* Begin PBXVariantGroup section */
		7999B8F42B49BE89003BA1D2 /* Localizable.strings */ = {
			isa = PBXVariantGroup;
			children = (
				7999B8F32B49BE89003BA1D2 /* en */,
				7999B8F52B49BE8E003BA1D2 /* cs */,
				79CAD8CD2C81EF5900BA33D0 /* de */,
				79CAD8CE2C81EFB400BA33D0 /* es */,
				79CAD8CF2C81F08400BA33D0 /* zh-Hans */,
				79CAD8D02C81F0BD00BA33D0 /* zh-Hant */,
				79CAD8D12C81F0C700BA33D0 /* nl */,
				79CAD8D22C81F2C000BA33D0 /* pt-BR */,
				79CAD8D32C81F35C00BA33D0 /* pt-PT */,
				79CAD8D42C81F3C000BA33D0 /* es-419 */,
			);
			name = Localizable.strings;
			sourceTree = "<group>";
		};
/* End PBXVariantGroup section */

/* Begin XCBuildConfiguration section */
		4ADDCD1F2D26C5F400E97CFD /* Debug */ = {
			isa = XCBuildConfiguration;
			buildSettings = {
				ASSETCATALOG_COMPILER_GENERATE_SWIFT_ASSET_SYMBOL_EXTENSIONS = YES;
				BUNDLE_LOADER = "$(TEST_HOST)";
				CODE_SIGN_STYLE = Automatic;
				CURRENT_PROJECT_VERSION = 1;
				DEVELOPMENT_TEAM = 6Q38DY93CU;
				GCC_C_LANGUAGE_STANDARD = gnu17;
				GENERATE_INFOPLIST_FILE = YES;
				IPHONEOS_DEPLOYMENT_TARGET = 18.1;
				LOCALIZATION_PREFERS_STRING_CATALOGS = YES;
				MARKETING_VERSION = 1.0;
				PRODUCT_BUNDLE_IDENTIFIER = risasimonik.WhoAmIGameTests;
				PRODUCT_NAME = "$(TARGET_NAME)";
				SWIFT_ACTIVE_COMPILATION_CONDITIONS = "DEBUG $(inherited)";
				SWIFT_EMIT_LOC_STRINGS = NO;
				SWIFT_VERSION = 5.0;
				TARGETED_DEVICE_FAMILY = "1,2";
				TEST_HOST = "$(BUILT_PRODUCTS_DIR)/WhoAmIGame.app/$(BUNDLE_EXECUTABLE_FOLDER_PATH)/WhoAmIGame";
			};
			name = Debug;
		};
		4ADDCD202D26C5F400E97CFD /* Release */ = {
			isa = XCBuildConfiguration;
			buildSettings = {
				ASSETCATALOG_COMPILER_GENERATE_SWIFT_ASSET_SYMBOL_EXTENSIONS = YES;
				BUNDLE_LOADER = "$(TEST_HOST)";
				CODE_SIGN_STYLE = Automatic;
				CURRENT_PROJECT_VERSION = 1;
				DEVELOPMENT_TEAM = 6Q38DY93CU;
				GCC_C_LANGUAGE_STANDARD = gnu17;
				GENERATE_INFOPLIST_FILE = YES;
				IPHONEOS_DEPLOYMENT_TARGET = 18.1;
				LOCALIZATION_PREFERS_STRING_CATALOGS = YES;
				MARKETING_VERSION = 1.0;
				PRODUCT_BUNDLE_IDENTIFIER = risasimonik.WhoAmIGameTests;
				PRODUCT_NAME = "$(TARGET_NAME)";
				SWIFT_EMIT_LOC_STRINGS = NO;
				SWIFT_VERSION = 5.0;
				TARGETED_DEVICE_FAMILY = "1,2";
				TEST_HOST = "$(BUILT_PRODUCTS_DIR)/WhoAmIGame.app/$(BUNDLE_EXECUTABLE_FOLDER_PATH)/WhoAmIGame";
			};
			name = Release;
		};
		79E3797A293CD8CF0080C98F /* Debug */ = {
			isa = XCBuildConfiguration;
			buildSettings = {
				ALWAYS_SEARCH_USER_PATHS = NO;
				CLANG_ANALYZER_LOCALIZABILITY_NONLOCALIZED = YES;
				CLANG_ANALYZER_NONNULL = YES;
				CLANG_ANALYZER_NUMBER_OBJECT_CONVERSION = YES_AGGRESSIVE;
				CLANG_CXX_LANGUAGE_STANDARD = "gnu++20";
				CLANG_ENABLE_MODULES = YES;
				CLANG_ENABLE_OBJC_ARC = YES;
				CLANG_ENABLE_OBJC_WEAK = YES;
				CLANG_WARN_BLOCK_CAPTURE_AUTORELEASING = YES;
				CLANG_WARN_BOOL_CONVERSION = YES;
				CLANG_WARN_COMMA = YES;
				CLANG_WARN_CONSTANT_CONVERSION = YES;
				CLANG_WARN_DEPRECATED_OBJC_IMPLEMENTATIONS = YES;
				CLANG_WARN_DIRECT_OBJC_ISA_USAGE = YES_ERROR;
				CLANG_WARN_DOCUMENTATION_COMMENTS = YES;
				CLANG_WARN_EMPTY_BODY = YES;
				CLANG_WARN_ENUM_CONVERSION = YES;
				CLANG_WARN_INFINITE_RECURSION = YES;
				CLANG_WARN_INT_CONVERSION = YES;
				CLANG_WARN_NON_LITERAL_NULL_CONVERSION = YES;
				CLANG_WARN_OBJC_IMPLICIT_RETAIN_SELF = YES;
				CLANG_WARN_OBJC_LITERAL_CONVERSION = YES;
				CLANG_WARN_OBJC_ROOT_CLASS = YES_ERROR;
				CLANG_WARN_QUOTED_INCLUDE_IN_FRAMEWORK_HEADER = YES;
				CLANG_WARN_RANGE_LOOP_ANALYSIS = YES;
				CLANG_WARN_STRICT_PROTOTYPES = YES;
				CLANG_WARN_SUSPICIOUS_MOVE = YES;
				CLANG_WARN_UNGUARDED_AVAILABILITY = YES_AGGRESSIVE;
				CLANG_WARN_UNREACHABLE_CODE = YES;
				CLANG_WARN__DUPLICATE_METHOD_MATCH = YES;
				COPY_PHASE_STRIP = NO;
				DEBUG_INFORMATION_FORMAT = dwarf;
				ENABLE_STRICT_OBJC_MSGSEND = YES;
				ENABLE_TESTABILITY = YES;
				ENABLE_USER_SCRIPT_SANDBOXING = YES;
				GCC_C_LANGUAGE_STANDARD = gnu11;
				GCC_DYNAMIC_NO_PIC = NO;
				GCC_NO_COMMON_BLOCKS = YES;
				GCC_OPTIMIZATION_LEVEL = 0;
				GCC_PREPROCESSOR_DEFINITIONS = (
					"DEBUG=1",
					"$(inherited)",
				);
				GCC_WARN_64_TO_32_BIT_CONVERSION = YES;
				GCC_WARN_ABOUT_RETURN_TYPE = YES_ERROR;
				GCC_WARN_UNDECLARED_SELECTOR = YES;
				GCC_WARN_UNINITIALIZED_AUTOS = YES_AGGRESSIVE;
				GCC_WARN_UNUSED_FUNCTION = YES;
				GCC_WARN_UNUSED_VARIABLE = YES;
				IPHONEOS_DEPLOYMENT_TARGET = 16.1;
				MTL_ENABLE_DEBUG_INFO = INCLUDE_SOURCE;
				MTL_FAST_MATH = YES;
				ONLY_ACTIVE_ARCH = YES;
				SDKROOT = iphoneos;
				SWIFT_ACTIVE_COMPILATION_CONDITIONS = DEBUG;
				SWIFT_OPTIMIZATION_LEVEL = "-Onone";
			};
			name = Debug;
		};
		79E3797B293CD8CF0080C98F /* Release */ = {
			isa = XCBuildConfiguration;
			buildSettings = {
				ALWAYS_SEARCH_USER_PATHS = NO;
				CLANG_ANALYZER_LOCALIZABILITY_NONLOCALIZED = YES;
				CLANG_ANALYZER_NONNULL = YES;
				CLANG_ANALYZER_NUMBER_OBJECT_CONVERSION = YES_AGGRESSIVE;
				CLANG_CXX_LANGUAGE_STANDARD = "gnu++20";
				CLANG_ENABLE_MODULES = YES;
				CLANG_ENABLE_OBJC_ARC = YES;
				CLANG_ENABLE_OBJC_WEAK = YES;
				CLANG_WARN_BLOCK_CAPTURE_AUTORELEASING = YES;
				CLANG_WARN_BOOL_CONVERSION = YES;
				CLANG_WARN_COMMA = YES;
				CLANG_WARN_CONSTANT_CONVERSION = YES;
				CLANG_WARN_DEPRECATED_OBJC_IMPLEMENTATIONS = YES;
				CLANG_WARN_DIRECT_OBJC_ISA_USAGE = YES_ERROR;
				CLANG_WARN_DOCUMENTATION_COMMENTS = YES;
				CLANG_WARN_EMPTY_BODY = YES;
				CLANG_WARN_ENUM_CONVERSION = YES;
				CLANG_WARN_INFINITE_RECURSION = YES;
				CLANG_WARN_INT_CONVERSION = YES;
				CLANG_WARN_NON_LITERAL_NULL_CONVERSION = YES;
				CLANG_WARN_OBJC_IMPLICIT_RETAIN_SELF = YES;
				CLANG_WARN_OBJC_LITERAL_CONVERSION = YES;
				CLANG_WARN_OBJC_ROOT_CLASS = YES_ERROR;
				CLANG_WARN_QUOTED_INCLUDE_IN_FRAMEWORK_HEADER = YES;
				CLANG_WARN_RANGE_LOOP_ANALYSIS = YES;
				CLANG_WARN_STRICT_PROTOTYPES = YES;
				CLANG_WARN_SUSPICIOUS_MOVE = YES;
				CLANG_WARN_UNGUARDED_AVAILABILITY = YES_AGGRESSIVE;
				CLANG_WARN_UNREACHABLE_CODE = YES;
				CLANG_WARN__DUPLICATE_METHOD_MATCH = YES;
				COPY_PHASE_STRIP = NO;
				DEBUG_INFORMATION_FORMAT = "dwarf-with-dsym";
				ENABLE_NS_ASSERTIONS = NO;
				ENABLE_STRICT_OBJC_MSGSEND = YES;
				ENABLE_USER_SCRIPT_SANDBOXING = YES;
				GCC_C_LANGUAGE_STANDARD = gnu11;
				GCC_NO_COMMON_BLOCKS = YES;
				GCC_WARN_64_TO_32_BIT_CONVERSION = YES;
				GCC_WARN_ABOUT_RETURN_TYPE = YES_ERROR;
				GCC_WARN_UNDECLARED_SELECTOR = YES;
				GCC_WARN_UNINITIALIZED_AUTOS = YES_AGGRESSIVE;
				GCC_WARN_UNUSED_FUNCTION = YES;
				GCC_WARN_UNUSED_VARIABLE = YES;
				IPHONEOS_DEPLOYMENT_TARGET = 16.1;
				MTL_ENABLE_DEBUG_INFO = NO;
				MTL_FAST_MATH = YES;
				SDKROOT = iphoneos;
				SWIFT_COMPILATION_MODE = wholemodule;
				SWIFT_OPTIMIZATION_LEVEL = "-O";
				VALIDATE_PRODUCT = YES;
			};
			name = Release;
		};
		79E3797D293CD8CF0080C98F /* Debug */ = {
			isa = XCBuildConfiguration;
			buildSettings = {
				ASSETCATALOG_COMPILER_APPICON_NAME = AppIcon;
				ASSETCATALOG_COMPILER_GLOBAL_ACCENT_COLOR_NAME = AccentColor;
				CODE_SIGN_STYLE = Automatic;
				CURRENT_PROJECT_VERSION = 1;
				DEVELOPMENT_ASSET_PATHS = "\"WhoAmIGame/Preview Content\"";
				DEVELOPMENT_TEAM = 6Q38DY93CU;
				ENABLE_PREVIEWS = YES;
				GENERATE_INFOPLIST_FILE = YES;
				INFOPLIST_FILE = WhoAmIGame/Info.plist;
				INFOPLIST_KEY_CFBundleDisplayName = "Who Am I?";
				INFOPLIST_KEY_UIApplicationSceneManifest_Generation = YES;
				INFOPLIST_KEY_UIApplicationSupportsIndirectInputEvents = YES;
				INFOPLIST_KEY_UILaunchStoryboardName = LaunchingView;
				INFOPLIST_KEY_UIRequiresFullScreen = YES;
				INFOPLIST_KEY_UISupportedInterfaceOrientations = "UIInterfaceOrientationLandscapeLeft UIInterfaceOrientationLandscapeRight UIInterfaceOrientationPortrait";
				IPHONEOS_DEPLOYMENT_TARGET = 16.1;
				LD_RUNPATH_SEARCH_PATHS = (
					"$(inherited)",
					"@executable_path/Frameworks",
				);
				MARKETING_VERSION = 1.0.4;
				PRODUCT_BUNDLE_IDENTIFIER = com.richie.WhoAmIGame;
				PRODUCT_NAME = "$(TARGET_NAME)";
				SWIFT_EMIT_LOC_STRINGS = YES;
				SWIFT_VERSION = 5.0;
				TARGETED_DEVICE_FAMILY = "1,2";
			};
			name = Debug;
		};
		79E3797E293CD8CF0080C98F /* Release */ = {
			isa = XCBuildConfiguration;
			buildSettings = {
				ASSETCATALOG_COMPILER_APPICON_NAME = AppIcon;
				ASSETCATALOG_COMPILER_GLOBAL_ACCENT_COLOR_NAME = AccentColor;
				CODE_SIGN_STYLE = Automatic;
				CURRENT_PROJECT_VERSION = 1;
				DEVELOPMENT_ASSET_PATHS = "\"WhoAmIGame/Preview Content\"";
				DEVELOPMENT_TEAM = 6Q38DY93CU;
				ENABLE_PREVIEWS = YES;
				GENERATE_INFOPLIST_FILE = YES;
				INFOPLIST_FILE = WhoAmIGame/Info.plist;
				INFOPLIST_KEY_CFBundleDisplayName = "Who Am I?";
				INFOPLIST_KEY_UIApplicationSceneManifest_Generation = YES;
				INFOPLIST_KEY_UIApplicationSupportsIndirectInputEvents = YES;
				INFOPLIST_KEY_UILaunchStoryboardName = LaunchingView;
				INFOPLIST_KEY_UIRequiresFullScreen = YES;
				INFOPLIST_KEY_UISupportedInterfaceOrientations = "UIInterfaceOrientationLandscapeLeft UIInterfaceOrientationLandscapeRight UIInterfaceOrientationPortrait";
				IPHONEOS_DEPLOYMENT_TARGET = 16.1;
				LD_RUNPATH_SEARCH_PATHS = (
					"$(inherited)",
					"@executable_path/Frameworks",
				);
				MARKETING_VERSION = 1.0.4;
				PRODUCT_BUNDLE_IDENTIFIER = com.richie.WhoAmIGame;
				PRODUCT_NAME = "$(TARGET_NAME)";
				SWIFT_EMIT_LOC_STRINGS = YES;
				SWIFT_VERSION = 5.0;
				TARGETED_DEVICE_FAMILY = "1,2";
			};
			name = Release;
		};
/* End XCBuildConfiguration section */

/* Begin XCConfigurationList section */
		4ADDCD1E2D26C5F400E97CFD /* Build configuration list for PBXNativeTarget "WhoAmIGameTests" */ = {
			isa = XCConfigurationList;
			buildConfigurations = (
				4ADDCD1F2D26C5F400E97CFD /* Debug */,
				4ADDCD202D26C5F400E97CFD /* Release */,
			);
			defaultConfigurationIsVisible = 0;
			defaultConfigurationName = Release;
		};
		79E37969293CD8CD0080C98F /* Build configuration list for PBXProject "WhoAmIGame" */ = {
			isa = XCConfigurationList;
			buildConfigurations = (
				79E3797A293CD8CF0080C98F /* Debug */,
				79E3797B293CD8CF0080C98F /* Release */,
			);
			defaultConfigurationIsVisible = 0;
			defaultConfigurationName = Release;
		};
		79E3797C293CD8CF0080C98F /* Build configuration list for PBXNativeTarget "WhoAmIGame" */ = {
			isa = XCConfigurationList;
			buildConfigurations = (
				79E3797D293CD8CF0080C98F /* Debug */,
				79E3797E293CD8CF0080C98F /* Release */,
			);
			defaultConfigurationIsVisible = 0;
			defaultConfigurationName = Release;
		};
/* End XCConfigurationList section */

/* Begin XCRemoteSwiftPackageReference section */
		79E3797F293CDA120080C98F /* XCRemoteSwiftPackageReference "realm-swift" */ = {
			isa = XCRemoteSwiftPackageReference;
			repositoryURL = "https://github.com/realm/realm-swift.git";
			requirement = {
				branch = master;
				kind = branch;
			};
		};
/* End XCRemoteSwiftPackageReference section */

/* Begin XCSwiftPackageProductDependency section */
		79E37980293CDA120080C98F /* Realm */ = {
			isa = XCSwiftPackageProductDependency;
			package = 79E3797F293CDA120080C98F /* XCRemoteSwiftPackageReference "realm-swift" */;
			productName = Realm;
		};
		79E37982293CDA120080C98F /* RealmSwift */ = {
			isa = XCSwiftPackageProductDependency;
			package = 79E3797F293CDA120080C98F /* XCRemoteSwiftPackageReference "realm-swift" */;
			productName = RealmSwift;
		};
/* End XCSwiftPackageProductDependency section */
	};
	rootObject = 79E37966293CD8CD0080C98F /* Project object */;
}
